
Microsoft Visual Studio Solution File, Format Version 12.00
# Visual Studio Version 17
VisualStudioVersion = 17.8.34330.188
MinimumVisualStudioVersion = 10.0.40219.1
Project("{FAE04EC0-301F-11D3-BF4B-00C04F79EFBC}") = "RentABook", "RentABook\RentABook.csproj", "{0B96E8DF-E3D8-4C6E-99E9-7DD740EE009A}"
EndProject
Global
	GlobalSection(SolutionConfigurationPlatforms) = preSolution
		Debug|Any CPU = Debug|Any CPU
		Release|Any CPU = Release|Any CPU
	EndGlobalSection
	GlobalSection(ProjectConfigurationPlatforms) = postSolution
		{0B96E8DF-E3D8-4C6E-99E9-7DD740EE009A}.Debug|Any CPU.ActiveCfg = Debug|Any CPU
		{0B96E8DF-E3D8-4C6E-99E9-7DD740EE009A}.Debug|Any CPU.Build.0 = Debug|Any CPU
		{0B96E8DF-E3D8-4C6E-99E9-7DD740EE009A}.Release|Any CPU.ActiveCfg = Release|Any CPU
		{0B96E8DF-E3D8-4C6E-99E9-7DD740EE009A}.Release|Any CPU.Build.0 = Release|Any CPU
	EndGlobalSection
	GlobalSection(SolutionProperties) = preSolution
		HideSolutionNode = FALSE
	EndGlobalSection
	GlobalSection(ExtensibilityGlobals) = postSolution
		SolutionGuid = {698EC201-B59B-455F-8639-4B90E7ECBF34}
	EndGlobalSection
EndGlobal
